hash: dd1bb5b33346103cc8faca1a06cc4758ed31501dde2e4000cff78ade61843aa4
updated: 2016-01-15T13:10:19.942301311-05:00
imports:
- name: github.com/andybalholm/cascadia
  version: 3ad29d1ad1c4f2023e355603324348cf1f4b2d48
- name: github.com/djimenez/iconv-go
  version: 5f6a5a4f0011195c0147545149ad54f4adb54757
- name: github.com/mattn/go-colorable
  version: 3dac7b4f76f6e17fb39b768b89e3783d16e237fe
- name: github.com/mikkyang/id3-go
  version: 0168d962f1d773af3e29867138593203b653782e
- name: github.com/PuerkitoBio/goquery
  version: 417cce822c7b9a379df5824be95228d177c5698b
- name: golang.org/x/crypto
  version: 3760e016850398b85094c4c99e955b8c3dea5711
  repo: https://golang.org/x/crypto
- name: golang.org/x/net
  version: a8e212f3d10e1cd58f7669dd2c9d757bf7b98f93
- name: golang.org/x/text
  version: cf4986612c83df6c55578ba198316d1684a9a287
  repo: https://golang.org/x/text
- name: gopkg.in/inconshreveable/log15.v2
  version: b105bd37f74e5d9dc7b6ad7806715c7a2b83fd3f
devImports: []
